
Microsoft Visual Studio Solution File, Format Version 12.00
# Visual Studio Version 17
VisualStudioVersion = 17.1.32228.430
MinimumVisualStudioVersion = 10.0.40219.1
Project("{2150E333-8FDC-42A3-9474-1A3956D46DE8}") = "Common", "Common", "{E7BFA5ED-1EE7-4782-AD6E-7163F31BEF75}"
EndProject
Project("{2150E333-8FDC-42A3-9474-1A3956D46DE8}") = "Modules", "Modules", "{94E15BDD-D7E6-4B84-BA44-DA4A80172678}"
EndProject
Project("{9A19103F-16F7-4668-BE54-9A1E7A4F7556}") = "Shared.Core", "Common\Shared.Core\Shared.Core.csproj", "{4B0BB130-1945-4EAF-80FC-D68A0D991903}"
EndProject
Project("{9A19103F-16F7-4668-BE54-9A1E7A4F7556}") = "Shared.Infrastructure", "Common\Shared.Infrastructure\Shared.Infrastructure.csproj", "{233AD74C-DBB7-40CD-9D04-52F697EE7AB5}"
EndProject
Project("{2150E333-8FDC-42A3-9474-1A3956D46DE8}") = "Users", "Users", "{0534030B-6E4D-4780-8E62-DEF2EB7ACD19}"
EndProject
Project("{9A19103F-16F7-4668-BE54-9A1E7A4F7556}") = "Shared.Test", "Common\Shared.Test\Shared.Test.csproj", "{CCC3D7C1-261A-424D-A732-1A938C6820E5}"
EndProject
Project("{9A19103F-16F7-4668-BE54-9A1E7A4F7556}") = "Users", "Modules\Users\Users\Users.csproj", "{CADE7E48-2275-48F5-BC39-3F98081B3C04}"
EndProject
Project("{9A19103F-16F7-4668-BE54-9A1E7A4F7556}") = "Users.Core", "Modules\Users\Users.Core\Users.Core.csproj", "{025823F6-3414-4B8E-89E9-D655DBF7C2C7}"
EndProject
Project("{9A19103F-16F7-4668-BE54-9A1E7A4F7556}") = "Users.Infrastructure", "Modules\Users\Users.Infrastructure\Users.Infrastructure.csproj", "{4103E2A4-BB8A-4B48-8FD1-A06BEF9A9274}"
EndProject
Project("{2150E333-8FDC-42A3-9474-1A3956D46DE8}") = "Categories", "Categories", "{02EA681E-C7D8-13C7-8484-4AC65E1B71E8}"
EndProject
Project("{2150E333-8FDC-42A3-9474-1A3956D46DE8}") = "Companies", "Companies", "{85DC0CA0-347E-4E0A-9B7F-65998E47FDF0}"
EndProject
Project("{2150E333-8FDC-42A3-9474-1A3956D46DE8}") = "Tables", "Tables", "{E2D36781-B6F7-4537-9F53-C77F658E6192}"
EndProject
Project("{2150E333-8FDC-42A3-9474-1A3956D46DE8}") = "Products", "Products", "{855D6C1F-BC9F-4296-A57C-906D467A39FA}"
EndProject
Project("{FAE04EC0-301F-11D3-BF4B-00C04F79EFBC}") = "Companies", "Modules\Companies\Companies\Companies.csproj", "{A8B58C1F-4E75-1B3F-ACA5-F01C796CA594}"
EndProject
Project("{FAE04EC0-301F-11D3-BF4B-00C04F79EFBC}") = "Companies.Core", "Modules\Companies\Companies.Core\Companies.Core.csproj", "{4B30E7C6-EC40-4683-F3C4-97992EA26A9C}"
EndProject
Project("{FAE04EC0-301F-11D3-BF4B-00C04F79EFBC}") = "Companies.Infrastructure", "Modules\Companies\Companies.Infrastructure\Companies.Infrastructure.csproj", "{87ED8EA7-AEF3-E5E8-8B03-F527DCB9BD63}"
EndProject
Project("{FAE04EC0-301F-11D3-BF4B-00C04F79EFBC}") = "Products", "Modules\Products\Products\Products.csproj", "{1AE197CA-FE1E-418C-9C0A-1428191D07DB}"
EndProject
Project("{FAE04EC0-301F-11D3-BF4B-00C04F79EFBC}") = "Products.Core", "Modules\Products\Products.Core\Products.Core.csproj", "{215BD5E5-D543-B1B5-68DF-9C1C8E2EA62C}"
EndProject
Project("{FAE04EC0-301F-11D3-BF4B-00C04F79EFBC}") = "Products.Infrastructure", "Modules\Products\Products.Infrastructure\Products.Infrastructure.csproj", "{5B2FADD5-F890-C5BA-0CFC-F0E314D4AD56}"
EndProject
Project("{FAE04EC0-301F-11D3-BF4B-00C04F79EFBC}") = "Tables", "Modules\Tables\Tables\Tables.csproj", "{AF3898D7-8FC2-B531-D94C-13B84AD934D3}"
EndProject
Project("{FAE04EC0-301F-11D3-BF4B-00C04F79EFBC}") = "Tables.Core", "Modules\Tables\Tables.Core\Tables.Core.csproj", "{8F20B0C5-E8A7-19DB-2D1A-3220208E1286}"
EndProject
Project("{FAE04EC0-301F-11D3-BF4B-00C04F79EFBC}") = "Tables.Infrastructure", "Modules\Tables\Tables.Infrastructure\Tables.Infrastructure.csproj", "{4F4B730A-88D0-B7A4-1EAD-20EF7DDB748B}"
EndProject
Project("{FAE04EC0-301F-11D3-BF4B-00C04F79EFBC}") = "Edimus.Api", "Edimus.Api\Edimus.Api.csproj", "{FA2F8B87-AC22-B14C-5349-4502DF411EE0}"
EndProject
Project("{FAE04EC0-301F-11D3-BF4B-00C04F79EFBC}") = "Categories", "Modules\Categories\Categories\Categories.csproj", "{241D24B5-5AFC-6068-2BD3-B2FC8A86C8E8}"
EndProject
Project("{FAE04EC0-301F-11D3-BF4B-00C04F79EFBC}") = "Categories.Core", "Modules\Categories\Categories.Core\Categories.Core.csproj", "{58E59061-7BDB-4017-498B-3A3CCE64C0CD}"
EndProject
Project("{FAE04EC0-301F-11D3-BF4B-00C04F79EFBC}") = "Categories.Infrastructure", "Modules\Categories\Categories.Infrastructure\Categories.Infrastructure.csproj", "{45BD342E-7EB6-1440-602B-9F7EC039F71B}"
EndProject
Project("{2150E333-8FDC-42A3-9474-1A3956D46DE8}") = "Identity", "Identity", "{C0AE8C07-B09C-4CE9-B6EB-ED09DBC84637}"
EndProject
Project("{FAE04EC0-301F-11D3-BF4B-00C04F79EFBC}") = "Identity", "Modules\Identity\Identity\Identity.csproj", "{211F8E0E-538F-485C-BA73-C7674C827131}"
EndProject
Project("{FAE04EC0-301F-11D3-BF4B-00C04F79EFBC}") = "Identity.Core", "Modules\Identity\Identity.Core\Identity.Core.csproj", "{693B883D-4D3F-41C8-952D-DD73004CAC56}"
EndProject
Project("{FAE04EC0-301F-11D3-BF4B-00C04F79EFBC}") = "Identity.Infrastructure", "Modules\Identity\Identity.Infrastructure\Identity.Infrastructure.csproj", "{FFA90C9F-6504-4F72-80D3-847ECEE81615}"
EndProject
Project("{2150E333-8FDC-42A3-9474-1A3956D46DE8}") = "Ingredients", "Ingredients", "{1F4A99C4-4E2C-44F8-AEB0-D705D24468EA}"
EndProject
Project("{FAE04EC0-301F-11D3-BF4B-00C04F79EFBC}") = "Ingredients.Infrastructure", "Modules\Ingredients\Ingredients.Infrastructure\Ingredients.Infrastructure.csproj", "{104B69BE-7F82-AFD3-DAE4-6AA18534A53E}"
EndProject
Project("{FAE04EC0-301F-11D3-BF4B-00C04F79EFBC}") = "Ingredients.Core", "Modules\Ingredients\Ingredients.Core\Ingredients.Core.csproj", "{55090571-6DE5-7535-CDFB-43E51B6B9D1B}"
EndProject
Project("{FAE04EC0-301F-11D3-BF4B-00C04F79EFBC}") = "Ingredients", "Modules\Ingredients\Ingredients\Ingredients.csproj", "{402CE4B6-01DC-FF3D-9563-AE1036653DCC}"
EndProject
Global
	GlobalSection(SolutionConfigurationPlatforms) = preSolution
		Debug|Any CPU = Debug|Any CPU
		Release|Any CPU = Release|Any CPU
	EndGlobalSection
	GlobalSection(ProjectConfigurationPlatforms) = postSolution
		{4B0BB130-1945-4EAF-80FC-D68A0D991903}.Debug|Any CPU.ActiveCfg = Debug|Any CPU
		{4B0BB130-1945-4EAF-80FC-D68A0D991903}.Debug|Any CPU.Build.0 = Debug|Any CPU
		{4B0BB130-1945-4EAF-80FC-D68A0D991903}.Release|Any CPU.ActiveCfg = Release|Any CPU
		{4B0BB130-1945-4EAF-80FC-D68A0D991903}.Release|Any CPU.Build.0 = Release|Any CPU
		{233AD74C-DBB7-40CD-9D04-52F697EE7AB5}.Debug|Any CPU.ActiveCfg = Debug|Any CPU
		{233AD74C-DBB7-40CD-9D04-52F697EE7AB5}.Debug|Any CPU.Build.0 = Debug|Any CPU
		{233AD74C-DBB7-40CD-9D04-52F697EE7AB5}.Release|Any CPU.ActiveCfg = Release|Any CPU
		{233AD74C-DBB7-40CD-9D04-52F697EE7AB5}.Release|Any CPU.Build.0 = Release|Any CPU
		{CCC3D7C1-261A-424D-A732-1A938C6820E5}.Debug|Any CPU.ActiveCfg = Debug|Any CPU
		{CCC3D7C1-261A-424D-A732-1A938C6820E5}.Debug|Any CPU.Build.0 = Debug|Any CPU
		{CCC3D7C1-261A-424D-A732-1A938C6820E5}.Release|Any CPU.ActiveCfg = Release|Any CPU
		{CCC3D7C1-261A-424D-A732-1A938C6820E5}.Release|Any CPU.Build.0 = Release|Any CPU
		{CADE7E48-2275-48F5-BC39-3F98081B3C04}.Debug|Any CPU.ActiveCfg = Debug|Any CPU
		{CADE7E48-2275-48F5-BC39-3F98081B3C04}.Debug|Any CPU.Build.0 = Debug|Any CPU
		{CADE7E48-2275-48F5-BC39-3F98081B3C04}.Release|Any CPU.ActiveCfg = Release|Any CPU
		{CADE7E48-2275-48F5-BC39-3F98081B3C04}.Release|Any CPU.Build.0 = Release|Any CPU
		{025823F6-3414-4B8E-89E9-D655DBF7C2C7}.Debug|Any CPU.ActiveCfg = Debug|Any CPU
		{025823F6-3414-4B8E-89E9-D655DBF7C2C7}.Debug|Any CPU.Build.0 = Debug|Any CPU
		{025823F6-3414-4B8E-89E9-D655DBF7C2C7}.Release|Any CPU.ActiveCfg = Release|Any CPU
		{025823F6-3414-4B8E-89E9-D655DBF7C2C7}.Release|Any CPU.Build.0 = Release|Any CPU
		{4103E2A4-BB8A-4B48-8FD1-A06BEF9A9274}.Debug|Any CPU.ActiveCfg = Debug|Any CPU
		{4103E2A4-BB8A-4B48-8FD1-A06BEF9A9274}.Debug|Any CPU.Build.0 = Debug|Any CPU
		{4103E2A4-BB8A-4B48-8FD1-A06BEF9A9274}.Release|Any CPU.ActiveCfg = Release|Any CPU
		{4103E2A4-BB8A-4B48-8FD1-A06BEF9A9274}.Release|Any CPU.Build.0 = Release|Any CPU
		{A8B58C1F-4E75-1B3F-ACA5-F01C796CA594}.Debug|Any CPU.ActiveCfg = Debug|Any CPU
		{A8B58C1F-4E75-1B3F-ACA5-F01C796CA594}.Debug|Any CPU.Build.0 = Debug|Any CPU
		{A8B58C1F-4E75-1B3F-ACA5-F01C796CA594}.Release|Any CPU.ActiveCfg = Release|Any CPU
		{A8B58C1F-4E75-1B3F-ACA5-F01C796CA594}.Release|Any CPU.Build.0 = Release|Any CPU
		{4B30E7C6-EC40-4683-F3C4-97992EA26A9C}.Debug|Any CPU.ActiveCfg = Debug|Any CPU
		{4B30E7C6-EC40-4683-F3C4-97992EA26A9C}.Debug|Any CPU.Build.0 = Debug|Any CPU
		{4B30E7C6-EC40-4683-F3C4-97992EA26A9C}.Release|Any CPU.ActiveCfg = Release|Any CPU
		{4B30E7C6-EC40-4683-F3C4-97992EA26A9C}.Release|Any CPU.Build.0 = Release|Any CPU
		{87ED8EA7-AEF3-E5E8-8B03-F527DCB9BD63}.Debug|Any CPU.ActiveCfg = Debug|Any CPU
		{87ED8EA7-AEF3-E5E8-8B03-F527DCB9BD63}.Debug|Any CPU.Build.0 = Debug|Any CPU
		{87ED8EA7-AEF3-E5E8-8B03-F527DCB9BD63}.Release|Any CPU.ActiveCfg = Release|Any CPU
		{87ED8EA7-AEF3-E5E8-8B03-F527DCB9BD63}.Release|Any CPU.Build.0 = Release|Any CPU
		{1AE197CA-FE1E-418C-9C0A-1428191D07DB}.Debug|Any CPU.ActiveCfg = Debug|Any CPU
		{1AE197CA-FE1E-418C-9C0A-1428191D07DB}.Debug|Any CPU.Build.0 = Debug|Any CPU
		{1AE197CA-FE1E-418C-9C0A-1428191D07DB}.Release|Any CPU.ActiveCfg = Release|Any CPU
		{1AE197CA-FE1E-418C-9C0A-1428191D07DB}.Release|Any CPU.Build.0 = Release|Any CPU
		{215BD5E5-D543-B1B5-68DF-9C1C8E2EA62C}.Debug|Any CPU.ActiveCfg = Debug|Any CPU
		{215BD5E5-D543-B1B5-68DF-9C1C8E2EA62C}.Debug|Any CPU.Build.0 = Debug|Any CPU
		{215BD5E5-D543-B1B5-68DF-9C1C8E2EA62C}.Release|Any CPU.ActiveCfg = Release|Any CPU
		{215BD5E5-D543-B1B5-68DF-9C1C8E2EA62C}.Release|Any CPU.Build.0 = Release|Any CPU
		{5B2FADD5-F890-C5BA-0CFC-F0E314D4AD56}.Debug|Any CPU.ActiveCfg = Debug|Any CPU
		{5B2FADD5-F890-C5BA-0CFC-F0E314D4AD56}.Debug|Any CPU.Build.0 = Debug|Any CPU
		{5B2FADD5-F890-C5BA-0CFC-F0E314D4AD56}.Release|Any CPU.ActiveCfg = Release|Any CPU
		{5B2FADD5-F890-C5BA-0CFC-F0E314D4AD56}.Release|Any CPU.Build.0 = Release|Any CPU
		{AF3898D7-8FC2-B531-D94C-13B84AD934D3}.Debug|Any CPU.ActiveCfg = Debug|Any CPU
		{AF3898D7-8FC2-B531-D94C-13B84AD934D3}.Debug|Any CPU.Build.0 = Debug|Any CPU
		{AF3898D7-8FC2-B531-D94C-13B84AD934D3}.Release|Any CPU.ActiveCfg = Release|Any CPU
		{AF3898D7-8FC2-B531-D94C-13B84AD934D3}.Release|Any CPU.Build.0 = Release|Any CPU
		{8F20B0C5-E8A7-19DB-2D1A-3220208E1286}.Debug|Any CPU.ActiveCfg = Debug|Any CPU
		{8F20B0C5-E8A7-19DB-2D1A-3220208E1286}.Debug|Any CPU.Build.0 = Debug|Any CPU
		{8F20B0C5-E8A7-19DB-2D1A-3220208E1286}.Release|Any CPU.ActiveCfg = Release|Any CPU
		{8F20B0C5-E8A7-19DB-2D1A-3220208E1286}.Release|Any CPU.Build.0 = Release|Any CPU
		{4F4B730A-88D0-B7A4-1EAD-20EF7DDB748B}.Debug|Any CPU.ActiveCfg = Debug|Any CPU
		{4F4B730A-88D0-B7A4-1EAD-20EF7DDB748B}.Debug|Any CPU.Build.0 = Debug|Any CPU
		{4F4B730A-88D0-B7A4-1EAD-20EF7DDB748B}.Release|Any CPU.ActiveCfg = Release|Any CPU
		{4F4B730A-88D0-B7A4-1EAD-20EF7DDB748B}.Release|Any CPU.Build.0 = Release|Any CPU
		{FA2F8B87-AC22-B14C-5349-4502DF411EE0}.Debug|Any CPU.ActiveCfg = Debug|Any CPU
		{FA2F8B87-AC22-B14C-5349-4502DF411EE0}.Debug|Any CPU.Build.0 = Debug|Any CPU
		{FA2F8B87-AC22-B14C-5349-4502DF411EE0}.Release|Any CPU.ActiveCfg = Release|Any CPU
		{FA2F8B87-AC22-B14C-5349-4502DF411EE0}.Release|Any CPU.Build.0 = Release|Any CPU
		{241D24B5-5AFC-6068-2BD3-B2FC8A86C8E8}.Debug|Any CPU.ActiveCfg = Debug|Any CPU
		{241D24B5-5AFC-6068-2BD3-B2FC8A86C8E8}.Debug|Any CPU.Build.0 = Debug|Any CPU
		{241D24B5-5AFC-6068-2BD3-B2FC8A86C8E8}.Release|Any CPU.ActiveCfg = Release|Any CPU
		{241D24B5-5AFC-6068-2BD3-B2FC8A86C8E8}.Release|Any CPU.Build.0 = Release|Any CPU
		{58E59061-7BDB-4017-498B-3A3CCE64C0CD}.Debug|Any CPU.ActiveCfg = Debug|Any CPU
		{58E59061-7BDB-4017-498B-3A3CCE64C0CD}.Debug|Any CPU.Build.0 = Debug|Any CPU
		{58E59061-7BDB-4017-498B-3A3CCE64C0CD}.Release|Any CPU.ActiveCfg = Release|Any CPU
		{58E59061-7BDB-4017-498B-3A3CCE64C0CD}.Release|Any CPU.Build.0 = Release|Any CPU
		{45BD342E-7EB6-1440-602B-9F7EC039F71B}.Debug|Any CPU.ActiveCfg = Debug|Any CPU
		{45BD342E-7EB6-1440-602B-9F7EC039F71B}.Debug|Any CPU.Build.0 = Debug|Any CPU
		{45BD342E-7EB6-1440-602B-9F7EC039F71B}.Release|Any CPU.ActiveCfg = Release|Any CPU
		{45BD342E-7EB6-1440-602B-9F7EC039F71B}.Release|Any CPU.Build.0 = Release|Any CPU
		{211F8E0E-538F-485C-BA73-C7674C827131}.Debug|Any CPU.ActiveCfg = Debug|Any CPU
		{211F8E0E-538F-485C-BA73-C7674C827131}.Debug|Any CPU.Build.0 = Debug|Any CPU
		{211F8E0E-538F-485C-BA73-C7674C827131}.Release|Any CPU.ActiveCfg = Release|Any CPU
		{211F8E0E-538F-485C-BA73-C7674C827131}.Release|Any CPU.Build.0 = Release|Any CPU
		{693B883D-4D3F-41C8-952D-DD73004CAC56}.Debug|Any CPU.ActiveCfg = Debug|Any CPU
		{693B883D-4D3F-41C8-952D-DD73004CAC56}.Debug|Any CPU.Build.0 = Debug|Any CPU
		{693B883D-4D3F-41C8-952D-DD73004CAC56}.Release|Any CPU.ActiveCfg = Release|Any CPU
		{693B883D-4D3F-41C8-952D-DD73004CAC56}.Release|Any CPU.Build.0 = Release|Any CPU
		{FFA90C9F-6504-4F72-80D3-847ECEE81615}.Debug|Any CPU.ActiveCfg = Debug|Any CPU
		{FFA90C9F-6504-4F72-80D3-847ECEE81615}.Debug|Any CPU.Build.0 = Debug|Any CPU
		{FFA90C9F-6504-4F72-80D3-847ECEE81615}.Release|Any CPU.ActiveCfg = Release|Any CPU
		{FFA90C9F-6504-4F72-80D3-847ECEE81615}.Release|Any CPU.Build.0 = Release|Any CPU
		{104B69BE-7F82-AFD3-DAE4-6AA18534A53E}.Debug|Any CPU.ActiveCfg = Debug|Any CPU
		{104B69BE-7F82-AFD3-DAE4-6AA18534A53E}.Debug|Any CPU.Build.0 = Debug|Any CPU
		{104B69BE-7F82-AFD3-DAE4-6AA18534A53E}.Release|Any CPU.ActiveCfg = Release|Any CPU
		{104B69BE-7F82-AFD3-DAE4-6AA18534A53E}.Release|Any CPU.Build.0 = Release|Any CPU
		{55090571-6DE5-7535-CDFB-43E51B6B9D1B}.Debug|Any CPU.ActiveCfg = Debug|Any CPU
		{55090571-6DE5-7535-CDFB-43E51B6B9D1B}.Debug|Any CPU.Build.0 = Debug|Any CPU
		{55090571-6DE5-7535-CDFB-43E51B6B9D1B}.Release|Any CPU.ActiveCfg = Release|Any CPU
		{55090571-6DE5-7535-CDFB-43E51B6B9D1B}.Release|Any CPU.Build.0 = Release|Any CPU
		{402CE4B6-01DC-FF3D-9563-AE1036653DCC}.Debug|Any CPU.ActiveCfg = Debug|Any CPU
		{402CE4B6-01DC-FF3D-9563-AE1036653DCC}.Debug|Any CPU.Build.0 = Debug|Any CPU
		{402CE4B6-01DC-FF3D-9563-AE1036653DCC}.Release|Any CPU.ActiveCfg = Release|Any CPU
		{402CE4B6-01DC-FF3D-9563-AE1036653DCC}.Release|Any CPU.Build.0 = Release|Any CPU
	EndGlobalSection
	GlobalSection(SolutionProperties) = preSolution
		HideSolutionNode = FALSE
	EndGlobalSection
	GlobalSection(NestedProjects) = preSolution
		{4B0BB130-1945-4EAF-80FC-D68A0D991903} = {E7BFA5ED-1EE7-4782-AD6E-7163F31BEF75}
		{233AD74C-DBB7-40CD-9D04-52F697EE7AB5} = {E7BFA5ED-1EE7-4782-AD6E-7163F31BEF75}
		{0534030B-6E4D-4780-8E62-DEF2EB7ACD19} = {94E15BDD-D7E6-4B84-BA44-DA4A80172678}
		{CCC3D7C1-261A-424D-A732-1A938C6820E5} = {E7BFA5ED-1EE7-4782-AD6E-7163F31BEF75}
		{CADE7E48-2275-48F5-BC39-3F98081B3C04} = {0534030B-6E4D-4780-8E62-DEF2EB7ACD19}
		{025823F6-3414-4B8E-89E9-D655DBF7C2C7} = {0534030B-6E4D-4780-8E62-DEF2EB7ACD19}
		{4103E2A4-BB8A-4B48-8FD1-A06BEF9A9274} = {0534030B-6E4D-4780-8E62-DEF2EB7ACD19}
		{02EA681E-C7D8-13C7-8484-4AC65E1B71E8} = {94E15BDD-D7E6-4B84-BA44-DA4A80172678}
		{85DC0CA0-347E-4E0A-9B7F-65998E47FDF0} = {94E15BDD-D7E6-4B84-BA44-DA4A80172678}
		{E2D36781-B6F7-4537-9F53-C77F658E6192} = {94E15BDD-D7E6-4B84-BA44-DA4A80172678}
		{855D6C1F-BC9F-4296-A57C-906D467A39FA} = {94E15BDD-D7E6-4B84-BA44-DA4A80172678}
		{A8B58C1F-4E75-1B3F-ACA5-F01C796CA594} = {85DC0CA0-347E-4E0A-9B7F-65998E47FDF0}
		{4B30E7C6-EC40-4683-F3C4-97992EA26A9C} = {85DC0CA0-347E-4E0A-9B7F-65998E47FDF0}
		{87ED8EA7-AEF3-E5E8-8B03-F527DCB9BD63} = {85DC0CA0-347E-4E0A-9B7F-65998E47FDF0}
		{1AE197CA-FE1E-418C-9C0A-1428191D07DB} = {855D6C1F-BC9F-4296-A57C-906D467A39FA}
		{215BD5E5-D543-B1B5-68DF-9C1C8E2EA62C} = {855D6C1F-BC9F-4296-A57C-906D467A39FA}
		{5B2FADD5-F890-C5BA-0CFC-F0E314D4AD56} = {855D6C1F-BC9F-4296-A57C-906D467A39FA}
		{AF3898D7-8FC2-B531-D94C-13B84AD934D3} = {E2D36781-B6F7-4537-9F53-C77F658E6192}
		{8F20B0C5-E8A7-19DB-2D1A-3220208E1286} = {E2D36781-B6F7-4537-9F53-C77F658E6192}
		{4F4B730A-88D0-B7A4-1EAD-20EF7DDB748B} = {E2D36781-B6F7-4537-9F53-C77F658E6192}
		{241D24B5-5AFC-6068-2BD3-B2FC8A86C8E8} = {02EA681E-C7D8-13C7-8484-4AC65E1B71E8}
		{58E59061-7BDB-4017-498B-3A3CCE64C0CD} = {02EA681E-C7D8-13C7-8484-4AC65E1B71E8}
		{45BD342E-7EB6-1440-602B-9F7EC039F71B} = {02EA681E-C7D8-13C7-8484-4AC65E1B71E8}
		{C0AE8C07-B09C-4CE9-B6EB-ED09DBC84637} = {94E15BDD-D7E6-4B84-BA44-DA4A80172678}
		{211F8E0E-538F-485C-BA73-C7674C827131} = {C0AE8C07-B09C-4CE9-B6EB-ED09DBC84637}
		{693B883D-4D3F-41C8-952D-DD73004CAC56} = {C0AE8C07-B09C-4CE9-B6EB-ED09DBC84637}
		{FFA90C9F-6504-4F72-80D3-847ECEE81615} = {C0AE8C07-B09C-4CE9-B6EB-ED09DBC84637}
		{1F4A99C4-4E2C-44F8-AEB0-D705D24468EA} = {94E15BDD-D7E6-4B84-BA44-DA4A80172678}
		{104B69BE-7F82-AFD3-DAE4-6AA18534A53E} = {1F4A99C4-4E2C-44F8-AEB0-D705D24468EA}
		{55090571-6DE5-7535-CDFB-43E51B6B9D1B} = {1F4A99C4-4E2C-44F8-AEB0-D705D24468EA}
		{402CE4B6-01DC-FF3D-9563-AE1036653DCC} = {1F4A99C4-4E2C-44F8-AEB0-D705D24468EA}
	EndGlobalSection
	GlobalSection(ExtensibilityGlobals) = postSolution
		SolutionGuid = {D6A2A111-D532-4FE3-B457-CD407ACCE7E2}
	EndGlobalSection
EndGlobal
